
Microsoft Visual Studio Solution File, Format Version 12.00
# Visual Studio Version 17
VisualStudioVersion = 17.14.36414.22 d17.14
MinimumVisualStudioVersion = 10.0.40219.1
Project("{FAE04EC0-301F-11D3-BF4B-00C04F79EFBC}") = "NatureQuest", "NatureQuest.csproj", "{F79E2EA6-39F0-4A46-8B0E-E3BB06E971EF}"
EndProject
Global
	GlobalSection(SolutionConfigurationPlatforms) = preSolution
		Debug|Any CPU = Debug|Any CPU
		Release|Any CPU = Release|Any CPU
	EndGlobalSection
	GlobalSection(ProjectConfigurationPlatforms) = postSolution
		{F79E2EA6-39F0-4A46-8B0E-E3BB06E971EF}.Debug|Any CPU.ActiveCfg = Debug|Any CPU
		{F79E2EA6-39F0-4A46-8B0E-E3BB06E971EF}.Debug|Any CPU.Build.0 = Debug|Any CPU
		{F79E2EA6-39F0-4A46-8B0E-E3BB06E971EF}.Release|Any CPU.ActiveCfg = Release|Any CPU
		{F79E2EA6-39F0-4A46-8B0E-E3BB06E971EF}.Release|Any CPU.Build.0 = Release|Any CPU
	EndGlobalSection
	GlobalSection(SolutionProperties) = preSolution
		HideSolutionNode = FALSE
	EndGlobalSection
	GlobalSection(ExtensibilityGlobals) = postSolution
		SolutionGuid = {C67A8AE9-55C2-4776-BFCA-5CF8FEFE1831}
	EndGlobalSection
EndGlobal
